<?xml version="1.0" encoding="utf-8"?>
<Project ToolsVersion="4.0" xmlns="http://schemas.microsoft.com/developer/msbuild/2003">
  <ItemGroup>
    <Filter Include="Source Files">
      <UniqueIdentifier>{4FC737F1-C7A5-4376-A066-2A32D752A2FF}</UniqueIdentifier>
      <Extensions>cpp;c;cc;cxx;c++;cppm;ixx;def;odl;idl;hpj;bat;asm;asmx</Extensions>
    </Filter>
    <Filter Include="Header Files">
      <UniqueIdentifier>{93995380-89BD-4b04-88EB-625FBE52EBFB}</UniqueIdentifier>
      <Extensions>h;hh;hpp;hxx;h++;hm;inl;inc;ipp;xsd</Extensions>
    </Filter>
  </ItemGroup>
  <ItemGroup>
    <ClInclude Include="feature\graphicscontext.hpp">
      <Filter>Header Files</Filter>
    </ClInclude>
    <ClInclude Include="win32\graphicscontext\gdi.hpp">
      <Filter>Header Files</Filter>
    </ClInclude>
    <ClInclude Include="win32\window.hpp">
      <Filter>Header Files</Filter>
    </ClInclude>
    <ClInclude Include="win32\legacy.hpp">
      <Filter>Header Files</Filter>
    </ClInclude>
    <ClInclude Include="win32\legacy\gdi.hpp">
      <Filter>Header Files</Filter>
    </ClInclude>
    <ClInclude Include="win32\legacy\user.hpp">
      <Filter>Header Files</Filter>
    </ClInclude>
    <ClInclude Include="win32\legacy\kernel.hpp">
      <Filter>Header Files</Filter>
    </ClInclude>
    <ClInclude Include="win32\application.hpp">
      <Filter>Header Files</Filter>
    </ClInclude>
    <ClInclude Include="feature\application.hpp">
      <Filter>Header Files</Filter>
    </ClInclude>
    <ClInclude Include="feature\window.hpp">
      <Filter>Header Files</Filter>
    </ClInclude>
    <ClInclude Include="win32\legacy\user\window.hpp">
      <Filter>Header Files</Filter>
    </ClInclude>
    <ClInclude Include="common\event\subscriber.hpp">
      <Filter>Header Files</Filter>
    </ClInclude>
    <ClInclude Include="common\type.hpp">
      <Filter>Header Files</Filter>
    </ClInclude>
    <ClInclude Include="feature\mouse.hpp">
      <Filter>Header Files</Filter>
    </ClInclude>
    <ClInclude Include="common\type\tuple.hpp">
      <Filter>Header Files</Filter>
    </ClInclude>
    <ClInclude Include="common\type\function.hpp">
      <Filter>Header Files</Filter>
    </ClInclude>
    <ClInclude Include="common\type\vector.hpp">
      <Filter>Header Files</Filter>
    </ClInclude>
    <ClInclude Include="win32\legacy\gdi\bitmap.hpp">
      <Filter>Header Files</Filter>
    </ClInclude>
    <ClInclude Include="win32\legacy\gdi\devicecontext.hpp">
      <Filter>Header Files</Filter>
    </ClInclude>
    <ClInclude Include="graphics.hpp">
      <Filter>Header Files</Filter>
    </ClInclude>
    <ClInclude Include="common\type\range.hpp">
      <Filter>Header Files</Filter>
    </ClInclude>
  </ItemGroup>
  <ItemGroup>
    <ClCompile Include="win32\graphicscontext\gdi.cpp">
      <Filter>Source Files</Filter>
    </ClCompile>
    <ClCompile Include="common\event\listener.hpp">
      <Filter>Source Files</Filter>
    </ClCompile>
    <ClCompile Include="win32\window.cpp">
      <Filter>Source Files</Filter>
    </ClCompile>
    <ClCompile Include="win32\legacy.cpp">
      <Filter>Source Files</Filter>
    </ClCompile>
    <ClCompile Include="win32\application.cpp">
      <Filter>Source Files</Filter>
    </ClCompile>
    <ClCompile Include="win32\legacy\user\window.cpp">
      <Filter>Source Files</Filter>
    </ClCompile>
    <ClCompile Include="win32\legacy\gdi.cpp">
      <Filter>Source Files</Filter>
    </ClCompile>
    <ClCompile Include="win32\legacy\gdi\bitmap.cpp">
      <Filter>Source Files</Filter>
    </ClCompile>
    <ClCompile Include="win32\legacy\gdi\devicecontext.cpp">
      <Filter>Source Files</Filter>
    </ClCompile>
  </ItemGroup>
</Project>