
Microsoft Visual Studio Solution File, Format Version 12.00
# Visual Studio Version 17
VisualStudioVersion = 17.1.32421.90
MinimumVisualStudioVersion = 10.0.40219.1
Project("{8BC9CEB8-8B4A-11D0-8D11-00A0C91BC942}") = "Graphics", "Graphics\Graphics.vcxproj", "{5B48F86C-9EA0-4F28-914F-40A6C7F77944}"
EndProject
Project("{8BC9CEB8-8B4A-11D0-8D11-00A0C91BC942}") = "DrawOBJ", "DrawOBJ\DrawOBJ.vcxproj", "{B57BF63C-2163-4410-AA30-6FFFC8553924}"
	ProjectSection(ProjectDependencies) = postProject
		{5B48F86C-9EA0-4F28-914F-40A6C7F77944} = {5B48F86C-9EA0-4F28-914F-40A6C7F77944}
		{BAD604AE-F926-44C9-B7D9-26713E9C3009} = {BAD604AE-F926-44C9-B7D9-26713E9C3009}
	EndProjectSection
EndProject
Project("{8BC9CEB8-8B4A-11D0-8D11-00A0C91BC942}") = "Win32", "Win32\Win32.vcxproj", "{BAD604AE-F926-44C9-B7D9-26713E9C3009}"
	ProjectSection(ProjectDependencies) = postProject
		{5B48F86C-9EA0-4F28-914F-40A6C7F77944} = {5B48F86C-9EA0-4F28-914F-40A6C7F77944}
	EndProjectSection
EndProject
Global
	GlobalSection(SolutionConfigurationPlatforms) = preSolution
		Debug|x64 = Debug|x64
		Debug|x86 = Debug|x86
		Release|x64 = Release|x64
		Release|x86 = Release|x86
	EndGlobalSection
	GlobalSection(ProjectConfigurationPlatforms) = postSolution
		{5B48F86C-9EA0-4F28-914F-40A6C7F77944}.Debug|x64.ActiveCfg = Debug|x64
		{5B48F86C-9EA0-4F28-914F-40A6C7F77944}.Debug|x64.Build.0 = Debug|x64
		{5B48F86C-9EA0-4F28-914F-40A6C7F77944}.Debug|x86.ActiveCfg = Debug|Win32
		{5B48F86C-9EA0-4F28-914F-40A6C7F77944}.Debug|x86.Build.0 = Debug|Win32
		{5B48F86C-9EA0-4F28-914F-40A6C7F77944}.Release|x64.ActiveCfg = Release|x64
		{5B48F86C-9EA0-4F28-914F-40A6C7F77944}.Release|x64.Build.0 = Release|x64
		{5B48F86C-9EA0-4F28-914F-40A6C7F77944}.Release|x86.ActiveCfg = Release|Win32
		{5B48F86C-9EA0-4F28-914F-40A6C7F77944}.Release|x86.Build.0 = Release|Win32
		{B57BF63C-2163-4410-AA30-6FFFC8553924}.Debug|x64.ActiveCfg = Debug|x64
		{B57BF63C-2163-4410-AA30-6FFFC8553924}.Debug|x64.Build.0 = Debug|x64
		{B57BF63C-2163-4410-AA30-6FFFC8553924}.Debug|x86.ActiveCfg = Debug|Win32
		{B57BF63C-2163-4410-AA30-6FFFC8553924}.Debug|x86.Build.0 = Debug|Win32
		{B57BF63C-2163-4410-AA30-6FFFC8553924}.Release|x64.ActiveCfg = Release|x64
		{B57BF63C-2163-4410-AA30-6FFFC8553924}.Release|x64.Build.0 = Release|x64
		{B57BF63C-2163-4410-AA30-6FFFC8553924}.Release|x86.ActiveCfg = Release|Win32
		{B57BF63C-2163-4410-AA30-6FFFC8553924}.Release|x86.Build.0 = Release|Win32
		{BAD604AE-F926-44C9-B7D9-26713E9C3009}.Debug|x64.ActiveCfg = Debug|x64
		{BAD604AE-F926-44C9-B7D9-26713E9C3009}.Debug|x64.Build.0 = Debug|x64
		{BAD604AE-F926-44C9-B7D9-26713E9C3009}.Debug|x86.ActiveCfg = Debug|Win32
		{BAD604AE-F926-44C9-B7D9-26713E9C3009}.Debug|x86.Build.0 = Debug|Win32
		{BAD604AE-F926-44C9-B7D9-26713E9C3009}.Release|x64.ActiveCfg = Release|x64
		{BAD604AE-F926-44C9-B7D9-26713E9C3009}.Release|x64.Build.0 = Release|x64
		{BAD604AE-F926-44C9-B7D9-26713E9C3009}.Release|x86.ActiveCfg = Release|Win32
		{BAD604AE-F926-44C9-B7D9-26713E9C3009}.Release|x86.Build.0 = Release|Win32
	EndGlobalSection
	GlobalSection(SolutionProperties) = preSolution
		HideSolutionNode = FALSE
	EndGlobalSection
	GlobalSection(ExtensibilityGlobals) = postSolution
		SolutionGuid = {A6B78DF5-E8BA-458F-916F-1FEA8F976493}
	EndGlobalSection
EndGlobal
