<?xml version="1.0" encoding="utf-8"?>
<Project ToolsVersion="4.0" xmlns="http://schemas.microsoft.com/developer/msbuild/2003">
  <ItemGroup>
    <Filter Include="Source Files">
      <UniqueIdentifier>{4FC737F1-C7A5-4376-A066-2A32D752A2FF}</UniqueIdentifier>
      <Extensions>cpp;c;cc;cxx;c++;cppm;ixx;def;odl;idl;hpj;bat;asm;asmx</Extensions>
    </Filter>
    <Filter Include="Header Files">
      <UniqueIdentifier>{93995380-89BD-4b04-88EB-625FBE52EBFB}</UniqueIdentifier>
      <Extensions>h;hh;hpp;hxx;h++;hm;inl;inc;ipp;xsd</Extensions>
    </Filter>
    <Filter Include="Resource Files">
      <UniqueIdentifier>{67DA6AB6-F800-4c08-8B7A-83BB121AAD01}</UniqueIdentifier>
      <Extensions>rc;ico;cur;bmp;dlg;rc2;rct;bin;rgs;gif;jpg;jpeg;jpe;resx;tiff;tif;png;wav;mfcribbon-ms</Extensions>
    </Filter>
  </ItemGroup>
  <ItemGroup>
    <ClCompile Include="feature\graphics\2d\context.cpp">
      <Filter>Source Files</Filter>
    </ClCompile>
    <ClCompile Include="legacy\gdi\bitmap.cpp">
      <Filter>Source Files</Filter>
    </ClCompile>
    <ClCompile Include="legacy\gdi\devicecontext.cpp">
      <Filter>Source Files</Filter>
    </ClCompile>
    <ClCompile Include="legacy\user\window.cpp">
      <Filter>Source Files</Filter>
    </ClCompile>
    <ClCompile Include="legacy\gdi.cpp">
      <Filter>Source Files</Filter>
    </ClCompile>
    <ClCompile Include="feature\application.cpp">
      <Filter>Source Files</Filter>
    </ClCompile>
    <ClCompile Include="legacy.cpp">
      <Filter>Source Files</Filter>
    </ClCompile>
    <ClCompile Include="feature\window.cpp">
      <Filter>Source Files</Filter>
    </ClCompile>
    <ClCompile Include="feature\graphics\2d\pen.cpp">
      <Filter>Source Files</Filter>
    </ClCompile>
    <ClCompile Include="feature\graphics\2d\brush.cpp">
      <Filter>Source Files</Filter>
    </ClCompile>
    <ClCompile Include="feature\graphics\3d\context.cpp">
      <Filter>Source Files</Filter>
    </ClCompile>
    <ClCompile Include="feature\graphics\target.cpp">
      <Filter>Source Files</Filter>
    </ClCompile>
    <ClCompile Include="feature\graphics\context.cpp">
      <Filter>Source Files</Filter>
    </ClCompile>
  </ItemGroup>
  <ItemGroup>
    <ClInclude Include="feature\graphics\2d\context.hpp">
      <Filter>Header Files</Filter>
    </ClInclude>
    <ClInclude Include="legacy\gdi\bitmap.hpp">
      <Filter>Header Files</Filter>
    </ClInclude>
    <ClInclude Include="legacy\gdi\devicecontext.hpp">
      <Filter>Header Files</Filter>
    </ClInclude>
    <ClInclude Include="legacy\user\window.hpp">
      <Filter>Header Files</Filter>
    </ClInclude>
    <ClInclude Include="legacy\gdi.hpp">
      <Filter>Header Files</Filter>
    </ClInclude>
    <ClInclude Include="legacy\kernel.hpp">
      <Filter>Header Files</Filter>
    </ClInclude>
    <ClInclude Include="legacy\user.hpp">
      <Filter>Header Files</Filter>
    </ClInclude>
    <ClInclude Include="legacy.hpp">
      <Filter>Header Files</Filter>
    </ClInclude>
    <ClInclude Include="feature\window.hpp">
      <Filter>Header Files</Filter>
    </ClInclude>
    <ClInclude Include="feature\application.hpp">
      <Filter>Header Files</Filter>
    </ClInclude>
    <ClInclude Include="feature\graphics\2d\brush.hpp">
      <Filter>Header Files</Filter>
    </ClInclude>
    <ClInclude Include="feature\graphics\2d\pen.hpp">
      <Filter>Header Files</Filter>
    </ClInclude>
    <ClInclude Include="feature\graphics\3d\context.hpp">
      <Filter>Header Files</Filter>
    </ClInclude>
    <ClInclude Include="feature\graphics\target.hpp">
      <Filter>Header Files</Filter>
    </ClInclude>
  </ItemGroup>
</Project>